// !$*UTF8*$!
{
	archiveVersion = 1;
	classes = {
	};
	objectVersion = 56;
	objects = {

/* Begin PBXBuildFile section */
		8E9BD5EC290F274B006E2266 /* AppDelegate.swift in Sources */ = {isa = PBXBuildFile; fileRef = 8E9BD5EB290F274B006E2266 /* AppDelegate.swift */; };
		8E9BD5EE290F274B006E2266 /* SceneDelegate.swift in Sources */ = {isa = PBXBuildFile; fileRef = 8E9BD5ED290F274B006E2266 /* SceneDelegate.swift */; };
		8E9BD5F3290F274B006E2266 /* Main.storyboard in Resources */ = {isa = PBXBuildFile; fileRef = 8E9BD5F1290F274B006E2266 /* Main.storyboard */; };
		8E9BD5F5290F274B006E2266 /* Assets.xcassets in Resources */ = {isa = PBXBuildFile; fileRef = 8E9BD5F4290F274B006E2266 /* Assets.xcassets */; };
		8E9BD5F8290F274B006E2266 /* LaunchScreen.storyboard in Resources */ = {isa = PBXBuildFile; fileRef = 8E9BD5F6290F274B006E2266 /* LaunchScreen.storyboard */; };
		E4DC1931290F2C14007FF662 /* MeetTeamViewController.swift in Sources */ = {isa = PBXBuildFile; fileRef = E4DC1930290F2C14007FF662 /* MeetTeamViewController.swift */; };
		E4DC1938290F3617007FF662 /* DataStore.swift in Sources */ = {isa = PBXBuildFile; fileRef = E4DC1937290F3617007FF662 /* DataStore.swift */; };
		E4DC193B290F3622007FF662 /* DayInfo.swift in Sources */ = {isa = PBXBuildFile; fileRef = E4DC193A290F3622007FF662 /* DayInfo.swift */; };
		E4DC193D290F362B007FF662 /* SetMoodViewController.swift in Sources */ = {isa = PBXBuildFile; fileRef = E4DC193C290F362A007FF662 /* SetMoodViewController.swift */; };
		E4DC193F290F3631007FF662 /* SetMoodStoryboard.storyboard in Resources */ = {isa = PBXBuildFile; fileRef = E4DC193E290F3631007FF662 /* SetMoodStoryboard.storyboard */; };
		E4DC1941290F3EB9007FF662 /* ThoughtsViewController.swift in Sources */ = {isa = PBXBuildFile; fileRef = E4DC1940290F3EB9007FF662 /* ThoughtsViewController.swift */; };
		E4DC1943290F3EC2007FF662 /* ThoughtsStoryboard.storyboard in Resources */ = {isa = PBXBuildFile; fileRef = E4DC1942290F3EC2007FF662 /* ThoughtsStoryboard.storyboard */; };
		E4DC1945290F42F1007FF662 /* ResultTableViewController.swift in Sources */ = {isa = PBXBuildFile; fileRef = E4DC1944290F42F1007FF662 /* ResultTableViewController.swift */; };
		E4DC1947290F42F8007FF662 /* DetailedResultViewController.swift in Sources */ = {isa = PBXBuildFile; fileRef = E4DC1946290F42F8007FF662 /* DetailedResultViewController.swift */; };
		E4DC194B290F4BB6007FF662 /* ResultTabBarController.swift in Sources */ = {isa = PBXBuildFile; fileRef = E4DC194A290F4BB6007FF662 /* ResultTabBarController.swift */; };
		E4DC194D290F4C81007FF662 /* ResultStoryboard.storyboard in Resources */ = {isa = PBXBuildFile; fileRef = E4DC194C290F4C81007FF662 /* ResultStoryboard.storyboard */; };
/* End PBXBuildFile section */

/* Begin PBXFileReference section */
		8E9BD5E8290F274B006E2266 /* MoodTracker.app */ = {isa = PBXFileReference; explicitFileType = wrapper.application; includeInIndex = 0; path = MoodTracker.app; sourceTree = BUILT_PRODUCTS_DIR; };
		8E9BD5EB290F274B006E2266 /* AppDelegate.swift */ = {isa = PBXFileReference; lastKnownFileType = sourcecode.swift; path = AppDelegate.swift; sourceTree = "<group>"; };
		8E9BD5ED290F274B006E2266 /* SceneDelegate.swift */ = {isa = PBXFileReference; lastKnownFileType = sourcecode.swift; path = SceneDelegate.swift; sourceTree = "<group>"; };
		8E9BD5F2290F274B006E2266 /* Base */ = {isa = PBXFileReference; lastKnownFileType = file.storyboard; name = Base; path = Base.lproj/Main.storyboard; sourceTree = "<group>"; };
		8E9BD5F4290F274B006E2266 /* Assets.xcassets */ = {isa = PBXFileReference; lastKnownFileType = folder.assetcatalog; path = Assets.xcassets; sourceTree = "<group>"; };
		8E9BD5F7290F274B006E2266 /* Base */ = {isa = PBXFileReference; lastKnownFileType = file.storyboard; name = Base; path = Base.lproj/LaunchScreen.storyboard; sourceTree = "<group>"; };
		8E9BD5F9290F274B006E2266 /* Info.plist */ = {isa = PBXFileReference; lastKnownFileType = text.plist.xml; path = Info.plist; sourceTree = "<group>"; };
		E4DC1930290F2C14007FF662 /* MeetTeamViewController.swift */ = {isa = PBXFileReference; fileEncoding = 4; lastKnownFileType = sourcecode.swift; path = MeetTeamViewController.swift; sourceTree = "<group>"; };
		E4DC1937290F3617007FF662 /* DataStore.swift */ = {isa = PBXFileReference; fileEncoding = 4; lastKnownFileType = sourcecode.swift; path = DataStore.swift; sourceTree = "<group>"; };
		E4DC193A290F3622007FF662 /* DayInfo.swift */ = {isa = PBXFileReference; fileEncoding = 4; lastKnownFileType = sourcecode.swift; path = DayInfo.swift; sourceTree = "<group>"; };
		E4DC193C290F362A007FF662 /* SetMoodViewController.swift */ = {isa = PBXFileReference; fileEncoding = 4; lastKnownFileType = sourcecode.swift; path = SetMoodViewController.swift; sourceTree = "<group>"; };
		E4DC193E290F3631007FF662 /* SetMoodStoryboard.storyboard */ = {isa = PBXFileReference; fileEncoding = 4; lastKnownFileType = file.storyboard; path = SetMoodStoryboard.storyboard; sourceTree = "<group>"; };
		E4DC1940290F3EB9007FF662 /* ThoughtsViewController.swift */ = {isa = PBXFileReference; fileEncoding = 4; lastKnownFileType = sourcecode.swift; path = ThoughtsViewController.swift; sourceTree = "<group>"; };
		E4DC1942290F3EC2007FF662 /* ThoughtsStoryboard.storyboard */ = {isa = PBXFileReference; fileEncoding = 4; lastKnownFileType = file.storyboard; path = ThoughtsStoryboard.storyboard; sourceTree = "<group>"; };
		E4DC1944290F42F1007FF662 /* ResultTableViewController.swift */ = {isa = PBXFileReference; fileEncoding = 4; lastKnownFileType = sourcecode.swift; path = ResultTableViewController.swift; sourceTree = "<group>"; };
		E4DC1946290F42F8007FF662 /* DetailedResultViewController.swift */ = {isa = PBXFileReference; fileEncoding = 4; lastKnownFileType = sourcecode.swift; path = DetailedResultViewController.swift; sourceTree = "<group>"; };
		E4DC194A290F4BB6007FF662 /* ResultTabBarController.swift */ = {isa = PBXFileReference; fileEncoding = 4; lastKnownFileType = sourcecode.swift; path = ResultTabBarController.swift; sourceTree = "<group>"; };
		E4DC194C290F4C81007FF662 /* ResultStoryboard.storyboard */ = {isa = PBXFileReference; fileEncoding = 4; lastKnownFileType = file.storyboard; path = ResultStoryboard.storyboard; sourceTree = "<group>"; };
/* End PBXFileReference section */

/* Begin PBXFrameworksBuildPhase section */
		8E9BD5E5290F274B006E2266 /* Frameworks */ = {
			isa = PBXFrameworksBuildPhase;
			buildActionMask = 2147483647;
			files = (
			);
			runOnlyForDeploymentPostprocessing = 0;
		};
/* End PBXFrameworksBuildPhase section */

/* Begin PBXGroup section */
		8E9BD5DF290F274B006E2266 = {
			isa = PBXGroup;
			children = (
				8E9BD5EA290F274B006E2266 /* MoodTracker */,
				8E9BD5E9290F274B006E2266 /* Products */,
			);
			sourceTree = "<group>";
		};
		8E9BD5E9290F274B006E2266 /* Products */ = {
			isa = PBXGroup;
			children = (
				8E9BD5E8290F274B006E2266 /* MoodTracker.app */,
			);
			name = Products;
			sourceTree = "<group>";
		};
		8E9BD5EA290F274B006E2266 /* MoodTracker */ = {
			isa = PBXGroup;
			children = (
				E4DC192F290F2A9E007FF662 /* ViewControllers */,
				E4DC1936290F3617007FF662 /* Models */,
				E4DC1939290F3622007FF662 /* Services */,
				E4DC192E290F2A7E007FF662 /* Storyboards */,
				E4DC192D290F2A63007FF662 /* App */,
				8E9BD5F4290F274B006E2266 /* Assets.xcassets */,
			);
			path = MoodTracker;
			sourceTree = "<group>";
		};
		E4DC192D290F2A63007FF662 /* App */ = {
			isa = PBXGroup;
			children = (
				8E9BD5EB290F274B006E2266 /* AppDelegate.swift */,
				8E9BD5ED290F274B006E2266 /* SceneDelegate.swift */,
				8E9BD5F9290F274B006E2266 /* Info.plist */,
			);
			path = App;
			sourceTree = "<group>";
		};
		E4DC192E290F2A7E007FF662 /* Storyboards */ = {
			isa = PBXGroup;
			children = (
				8E9BD5F6290F274B006E2266 /* LaunchScreen.storyboard */,
				8E9BD5F1290F274B006E2266 /* Main.storyboard */,
				E4DC193E290F3631007FF662 /* SetMoodStoryboard.storyboard */,
				E4DC1942290F3EC2007FF662 /* ThoughtsStoryboard.storyboard */,
				E4DC194C290F4C81007FF662 /* ResultStoryboard.storyboard */,
			);
			path = Storyboards;
			sourceTree = "<group>";
		};
		E4DC192F290F2A9E007FF662 /* ViewControllers */ = {
			isa = PBXGroup;
			children = (
				E4DC1930290F2C14007FF662 /* MeetTeamViewController.swift */,
				E4DC193C290F362A007FF662 /* SetMoodViewController.swift */,
				E4DC1940290F3EB9007FF662 /* ThoughtsViewController.swift */,
				E4DC194A290F4BB6007FF662 /* ResultTabBarController.swift */,
				E4DC1944290F42F1007FF662 /* ResultTableViewController.swift */,
				E4DC1946290F42F8007FF662 /* DetailedResultViewController.swift */,
			);
			path = ViewControllers;
			sourceTree = "<group>";
		};
		E4DC1936290F3617007FF662 /* Models */ = {
			isa = PBXGroup;
			children = (
				E4DC193A290F3622007FF662 /* DayInfo.swift */,
			);
			path = Models;
			sourceTree = "<group>";
		};
		E4DC1939290F3622007FF662 /* Services */ = {
			isa = PBXGroup;
			children = (
				E4DC1937290F3617007FF662 /* DataStore.swift */,
			);
			path = Services;
			sourceTree = "<group>";
		};
/* End PBXGroup section */

/* Begin PBXNativeTarget section */
		8E9BD5E7290F274B006E2266 /* MoodTracker */ = {
			isa = PBXNativeTarget;
			buildConfigurationList = 8E9BD5FC290F274B006E2266 /* Build configuration list for PBXNativeTarget "MoodTracker" */;
			buildPhases = (
				8E9BD5E4290F274B006E2266 /* Sources */,
				8E9BD5E5290F274B006E2266 /* Frameworks */,
				8E9BD5E6290F274B006E2266 /* Resources */,
			);
			buildRules = (
			);
			dependencies = (
			);
			name = MoodTracker;
			productName = MoodTracker;
			productReference = 8E9BD5E8290F274B006E2266 /* MoodTracker.app */;
			productType = "com.apple.product-type.application";
		};
/* End PBXNativeTarget section */

/* Begin PBXProject section */
		8E9BD5E0290F274B006E2266 /* Project object */ = {
			isa = PBXProject;
			attributes = {
				BuildIndependentTargetsInParallel = 1;
				LastSwiftUpdateCheck = 1400;
				LastUpgradeCheck = 1400;
				TargetAttributes = {
					8E9BD5E7290F274B006E2266 = {
						CreatedOnToolsVersion = 14.0.1;
					};
				};
			};
			buildConfigurationList = 8E9BD5E3290F274B006E2266 /* Build configuration list for PBXProject "MoodTracker" */;
			compatibilityVersion = "Xcode 14.0";
			developmentRegion = en;
			hasScannedForEncodings = 0;
			knownRegions = (
				en,
				Base,
			);
			mainGroup = 8E9BD5DF290F274B006E2266;
			productRefGroup = 8E9BD5E9290F274B006E2266 /* Products */;
			projectDirPath = "";
			projectRoot = "";
			targets = (
				8E9BD5E7290F274B006E2266 /* MoodTracker */,
			);
		};
/* End PBXProject section */

/* Begin PBXResourcesBuildPhase section */
		8E9BD5E6290F274B006E2266 /* Resources */ = {
			isa = PBXResourcesBuildPhase;
			buildActionMask = 2147483647;
			files = (
				8E9BD5F8290F274B006E2266 /* LaunchScreen.storyboard in Resources */,
				E4DC1943290F3EC2007FF662 /* ThoughtsStoryboard.storyboard in Resources */,
				E4DC194D290F4C81007FF662 /* ResultStoryboard.storyboard in Resources */,
				8E9BD5F5290F274B006E2266 /* Assets.xcassets in Resources */,
				8E9BD5F3290F274B006E2266 /* Main.storyboard in Resources */,
				E4DC193F290F3631007FF662 /* SetMoodStoryboard.storyboard in Resources */,
			);
			runOnlyForDeploymentPostprocessing = 0;
		};
/* End PBXResourcesBuildPhase section */

/* Begin PBXSourcesBuildPhase section */
		8E9BD5E4290F274B006E2266 /* Sources */ = {
			isa = PBXSourcesBuildPhase;
			buildActionMask = 2147483647;
			files = (
				E4DC1945290F42F1007FF662 /* ResultTableViewController.swift in Sources */,
				E4DC1931290F2C14007FF662 /* MeetTeamViewController.swift in Sources */,
				E4DC1938290F3617007FF662 /* DataStore.swift in Sources */,
				E4DC193D290F362B007FF662 /* SetMoodViewController.swift in Sources */,
				E4DC1941290F3EB9007FF662 /* ThoughtsViewController.swift in Sources */,
				8E9BD5EC290F274B006E2266 /* AppDelegate.swift in Sources */,
				E4DC194B290F4BB6007FF662 /* ResultTabBarController.swift in Sources */,
				E4DC1947290F42F8007FF662 /* DetailedResultViewController.swift in Sources */,
				E4DC193B290F3622007FF662 /* DayInfo.swift in Sources */,
				8E9BD5EE290F274B006E2266 /* SceneDelegate.swift in Sources */,
			);
			runOnlyForDeploymentPostprocessing = 0;
		};
/* End PBXSourcesBuildPhase section */

/* Begin PBXVariantGroup section */
		8E9BD5F1290F274B006E2266 /* Main.storyboard */ = {
			isa = PBXVariantGroup;
			children = (
				8E9BD5F2290F274B006E2266 /* Base */,
			);
			name = Main.storyboard;
			sourceTree = "<group>";
		};
		8E9BD5F6290F274B006E2266 /* LaunchScreen.storyboard */ = {
			isa = PBXVariantGroup;
			children = (
				8E9BD5F7290F274B006E2266 /* Base */,
			);
			name = LaunchScreen.storyboard;
			sourceTree = "<group>";
		};
/* End PBXVariantGroup section */

/* Begin XCBuildConfiguration section */
		8E9BD5FA290F274B006E2266 /* Debug */ = {
			isa = XCBuildConfiguration;
			buildSettings = {
				ALWAYS_SEARCH_USER_PATHS = NO;
				CLANG_ANALYZER_NONNULL = YES;
				CLANG_ANALYZER_NUMBER_OBJECT_CONVERSION = YES_AGGRESSIVE;
				CLANG_CXX_LANGUAGE_STANDARD = "gnu++20";
				CLANG_ENABLE_MODULES = YES;
				CLANG_ENABLE_OBJC_ARC = YES;
				CLANG_ENABLE_OBJC_WEAK = YES;
				CLANG_WARN_BLOCK_CAPTURE_AUTORELEASING = YES;
				CLANG_WARN_BOOL_CONVERSION = YES;
				CLANG_WARN_COMMA = YES;
				CLANG_WARN_CONSTANT_CONVERSION = YES;
				CLANG_WARN_DEPRECATED_OBJC_IMPLEMENTATIONS = YES;
				CLANG_WARN_DIRECT_OBJC_ISA_USAGE = YES_ERROR;
				CLANG_WARN_DOCUMENTATION_COMMENTS = YES;
				CLANG_WARN_EMPTY_BODY = YES;
				CLANG_WARN_ENUM_CONVERSION = YES;
				CLANG_WARN_INFINITE_RECURSION = YES;
				CLANG_WARN_INT_CONVERSION = YES;
				CLANG_WARN_NON_LITERAL_NULL_CONVERSION = YES;
				CLANG_WARN_OBJC_IMPLICIT_RETAIN_SELF = YES;
				CLANG_WARN_OBJC_LITERAL_CONVERSION = YES;
				CLANG_WARN_OBJC_ROOT_CLASS = YES_ERROR;
				CLANG_WARN_QUOTED_INCLUDE_IN_FRAMEWORK_HEADER = YES;
				CLANG_WARN_RANGE_LOOP_ANALYSIS = YES;
				CLANG_WARN_STRICT_PROTOTYPES = YES;
				CLANG_WARN_SUSPICIOUS_MOVE = YES;
				CLANG_WARN_UNGUARDED_AVAILABILITY = YES_AGGRESSIVE;
				CLANG_WARN_UNREACHABLE_CODE = YES;
				CLANG_WARN__DUPLICATE_METHOD_MATCH = YES;
				COPY_PHASE_STRIP = NO;
				DEBUG_INFORMATION_FORMAT = dwarf;
				ENABLE_STRICT_OBJC_MSGSEND = YES;
				ENABLE_TESTABILITY = YES;
				GCC_C_LANGUAGE_STANDARD = gnu11;
				GCC_DYNAMIC_NO_PIC = NO;
				GCC_NO_COMMON_BLOCKS = YES;
				GCC_OPTIMIZATION_LEVEL = 0;
				GCC_PREPROCESSOR_DEFINITIONS = (
					"DEBUG=1",
					"$(inherited)",
				);
				GCC_WARN_64_TO_32_BIT_CONVERSION = YES;
				GCC_WARN_ABOUT_RETURN_TYPE = YES_ERROR;
				GCC_WARN_UNDECLARED_SELECTOR = YES;
				GCC_WARN_UNINITIALIZED_AUTOS = YES_AGGRESSIVE;
				GCC_WARN_UNUSED_FUNCTION = YES;
				GCC_WARN_UNUSED_VARIABLE = YES;
				IPHONEOS_DEPLOYMENT_TARGET = 16.0;
				MTL_ENABLE_DEBUG_INFO = INCLUDE_SOURCE;
				MTL_FAST_MATH = YES;
				ONLY_ACTIVE_ARCH = YES;
				SDKROOT = iphoneos;
				SWIFT_ACTIVE_COMPILATION_CONDITIONS = DEBUG;
				SWIFT_OPTIMIZATION_LEVEL = "-Onone";
			};
			name = Debug;
		};
		8E9BD5FB290F274B006E2266 /* Release */ = {
			isa = XCBuildConfiguration;
			buildSettings = {
				ALWAYS_SEARCH_USER_PATHS = NO;
				CLANG_ANALYZER_NONNULL = YES;
				CLANG_ANALYZER_NUMBER_OBJECT_CONVERSION = YES_AGGRESSIVE;
				CLANG_CXX_LANGUAGE_STANDARD = "gnu++20";
				CLANG_ENABLE_MODULES = YES;
				CLANG_ENABLE_OBJC_ARC = YES;
				CLANG_ENABLE_OBJC_WEAK = YES;
				CLANG_WARN_BLOCK_CAPTURE_AUTORELEASING = YES;
				CLANG_WARN_BOOL_CONVERSION = YES;
				CLANG_WARN_COMMA = YES;
				CLANG_WARN_CONSTANT_CONVERSION = YES;
				CLANG_WARN_DEPRECATED_OBJC_IMPLEMENTATIONS = YES;
				CLANG_WARN_DIRECT_OBJC_ISA_USAGE = YES_ERROR;
				CLANG_WARN_DOCUMENTATION_COMMENTS = YES;
				CLANG_WARN_EMPTY_BODY = YES;
				CLANG_WARN_ENUM_CONVERSION = YES;
				CLANG_WARN_INFINITE_RECURSION = YES;
				CLANG_WARN_INT_CONVERSION = YES;
				CLANG_WARN_NON_LITERAL_NULL_CONVERSION = YES;
				CLANG_WARN_OBJC_IMPLICIT_RETAIN_SELF = YES;
				CLANG_WARN_OBJC_LITERAL_CONVERSION = YES;
				CLANG_WARN_OBJC_ROOT_CLASS = YES_ERROR;
				CLANG_WARN_QUOTED_INCLUDE_IN_FRAMEWORK_HEADER = YES;
				CLANG_WARN_RANGE_LOOP_ANALYSIS = YES;
				CLANG_WARN_STRICT_PROTOTYPES = YES;
				CLANG_WARN_SUSPICIOUS_MOVE = YES;
				CLANG_WARN_UNGUARDED_AVAILABILITY = YES_AGGRESSIVE;
				CLANG_WARN_UNREACHABLE_CODE = YES;
				CLANG_WARN__DUPLICATE_METHOD_MATCH = YES;
				COPY_PHASE_STRIP = NO;
				DEBUG_INFORMATION_FORMAT = "dwarf-with-dsym";
				ENABLE_NS_ASSERTIONS = NO;
				ENABLE_STRICT_OBJC_MSGSEND = YES;
				GCC_C_LANGUAGE_STANDARD = gnu11;
				GCC_NO_COMMON_BLOCKS = YES;
				GCC_WARN_64_TO_32_BIT_CONVERSION = YES;
				GCC_WARN_ABOUT_RETURN_TYPE = YES_ERROR;
				GCC_WARN_UNDECLARED_SELECTOR = YES;
				GCC_WARN_UNINITIALIZED_AUTOS = YES_AGGRESSIVE;
				GCC_WARN_UNUSED_FUNCTION = YES;
				GCC_WARN_UNUSED_VARIABLE = YES;
				IPHONEOS_DEPLOYMENT_TARGET = 16.0;
				MTL_ENABLE_DEBUG_INFO = NO;
				MTL_FAST_MATH = YES;
				SDKROOT = iphoneos;
				SWIFT_COMPILATION_MODE = wholemodule;
				SWIFT_OPTIMIZATION_LEVEL = "-O";
				VALIDATE_PRODUCT = YES;
			};
			name = Release;
		};
		8E9BD5FD290F274B006E2266 /* Debug */ = {
			isa = XCBuildConfiguration;
			buildSettings = {
				ASSETCATALOG_COMPILER_APPICON_NAME = AppIcon;
				ASSETCATALOG_COMPILER_GLOBAL_ACCENT_COLOR_NAME = AccentColor;
				CODE_SIGN_STYLE = Automatic;
				CURRENT_PROJECT_VERSION = 1;
				DEVELOPMENT_TEAM = Q7H84WAXJV;
				GENERATE_INFOPLIST_FILE = YES;
				INFOPLIST_FILE = MoodTracker/App/Info.plist;
				INFOPLIST_KEY_UIApplicationSupportsIndirectInputEvents = YES;
				INFOPLIST_KEY_UILaunchStoryboardName = LaunchScreen;
				INFOPLIST_KEY_UIMainStoryboardFile = Main;
				INFOPLIST_KEY_UISupportedInterfaceOrientations = UIInterfaceOrientationPortrait;
				INFOPLIST_KEY_UISupportedInterfaceOrientations_iPad = "UIInterfaceOrientationLandscapeLeft UIInterfaceOrientationLandscapeRight UIInterfaceOrientationPortrait UIInterfaceOrientationPortraitUpsideDown";
				LD_RUNPATH_SEARCH_PATHS = (
					"$(inherited)",
					"@executable_path/Frameworks",
				);
				MARKETING_VERSION = 1.0;
				PRODUCT_BUNDLE_IDENTIFIER = hiirari.MoodTracker;
				PRODUCT_NAME = "$(TARGET_NAME)";
				SUPPORTED_PLATFORMS = "iphoneos iphonesimulator";
				SUPPORTS_MACCATALYST = NO;
				SUPPORTS_MAC_DESIGNED_FOR_IPHONE_IPAD = NO;
				SWIFT_EMIT_LOC_STRINGS = YES;
				SWIFT_VERSION = 5.0;
				TARGETED_DEVICE_FAMILY = 1;
			};
			name = Debug;
		};
		8E9BD5FE290F274B006E2266 /* Release */ = {
			isa = XCBuildConfiguration;
			buildSettings = {
				ASSETCATALOG_COMPILER_APPICON_NAME = AppIcon;
				ASSETCATALOG_COMPILER_GLOBAL_ACCENT_COLOR_NAME = AccentColor;
				CODE_SIGN_STYLE = Automatic;
				CURRENT_PROJECT_VERSION = 1;
				DEVELOPMENT_TEAM = Q7H84WAXJV;
				GENERATE_INFOPLIST_FILE = YES;
				INFOPLIST_FILE = MoodTracker/App/Info.plist;
				INFOPLIST_KEY_UIApplicationSupportsIndirectInputEvents = YES;
				INFOPLIST_KEY_UILaunchStoryboardName = LaunchScreen;
				INFOPLIST_KEY_UIMainStoryboardFile = Main;
				INFOPLIST_KEY_UISupportedInterfaceOrientations = UIInterfaceOrientationPortrait;
				INFOPLIST_KEY_UISupportedInterfaceOrientations_iPad = "UIInterfaceOrientationLandscapeLeft UIInterfaceOrientationLandscapeRight UIInterfaceOrientationPortrait UIInterfaceOrientationPortraitUpsideDown";
				LD_RUNPATH_SEARCH_PATHS = (
					"$(inherited)",
					"@executable_path/Frameworks",
				);
				MARKETING_VERSION = 1.0;
				PRODUCT_BUNDLE_IDENTIFIER = hiirari.MoodTracker;
				PRODUCT_NAME = "$(TARGET_NAME)";
				SUPPORTED_PLATFORMS = "iphoneos iphonesimulator";
				SUPPORTS_MACCATALYST = NO;
				SUPPORTS_MAC_DESIGNED_FOR_IPHONE_IPAD = NO;
				SWIFT_EMIT_LOC_STRINGS = YES;
				SWIFT_VERSION = 5.0;
				TARGETED_DEVICE_FAMILY = 1;
			};
			name = Release;
		};
/* End XCBuildConfiguration section */

/* Begin XCConfigurationList section */
		8E9BD5E3290F274B006E2266 /* Build configuration list for PBXProject "MoodTracker" */ = {
			isa = XCConfigurationList;
			buildConfigurations = (
				8E9BD5FA290F274B006E2266 /* Debug */,
				8E9BD5FB290F274B006E2266 /* Release */,
			);
			defaultConfigurationIsVisible = 0;
			defaultConfigurationName = Release;
		};
		8E9BD5FC290F274B006E2266 /* Build configuration list for PBXNativeTarget "MoodTracker" */ = {
			isa = XCConfigurationList;
			buildConfigurations = (
				8E9BD5FD290F274B006E2266 /* Debug */,
				8E9BD5FE290F274B006E2266 /* Release */,
			);
			defaultConfigurationIsVisible = 0;
			defaultConfigurationName = Release;
		};
/* End XCConfigurationList section */
	};
	rootObject = 8E9BD5E0290F274B006E2266 /* Project object */;
}
